// !$*UTF8*$!
{
	archiveVersion = 1;
	classes = {
	};
	objectVersion = 50;
	objects = {

/* Begin PBXBuildFile section */
		524644A9215C52C4003ACCEF /* AppDelegate.swift in Sources */ = {isa = PBXBuildFile; fileRef = 524644A8215C52C4003ACCEF /* AppDelegate.swift */; };
		524644AB215C52C4003ACCEF /* ViewController.swift in Sources */ = {isa = PBXBuildFile; fileRef = 524644AA215C52C4003ACCEF /* ViewController.swift */; };
		524644AE215C52C4003ACCEF /* Main.storyboard in Resources */ = {isa = PBXBuildFile; fileRef = 524644AC215C52C4003ACCEF /* Main.storyboard */; };
		524644B0215C52C5003ACCEF /* Assets.xcassets in Resources */ = {isa = PBXBuildFile; fileRef = 524644AF215C52C5003ACCEF /* Assets.xcassets */; };
		524644B3215C52C5003ACCEF /* LaunchScreen.storyboard in Resources */ = {isa = PBXBuildFile; fileRef = 524644B1215C52C5003ACCEF /* LaunchScreen.storyboard */; };
		524644BE215C52C5003ACCEF /* SelfieGramTests.swift in Sources */ = {isa = PBXBuildFile; fileRef = 524644BD215C52C5003ACCEF /* SelfieGramTests.swift */; };
		524644C9215C52C5003ACCEF /* SelfieGramUITests.swift in Sources */ = {isa = PBXBuildFile; fileRef = 524644C8215C52C5003ACCEF /* SelfieGramUITests.swift */; };
/* End PBXBuildFile section */

/* Begin PBXContainerItemProxy section */
		524644BA215C52C5003ACCEF /* PBXContainerItemProxy */ = {
			isa = PBXContainerItemProxy;
			containerPortal = 5246449D215C52C4003ACCEF /* Project object */;
			proxyType = 1;
			remoteGlobalIDString = 524644A4215C52C4003ACCEF;
			remoteInfo = SelfieGram;
		};
		524644C5215C52C5003ACCEF /* PBXContainerItemProxy */ = {
			isa = PBXContainerItemProxy;
			containerPortal = 5246449D215C52C4003ACCEF /* Project object */;
			proxyType = 1;
			remoteGlobalIDString = 524644A4215C52C4003ACCEF;
			remoteInfo = SelfieGram;
		};
/* End PBXContainerItemProxy section */

/* Begin PBXFileReference section */
		524644A5215C52C4003ACCEF /* SelfieGram.app */ = {isa = PBXFileReference; explicitFileType = wrapper.application; includeInIndex = 0; path = SelfieGram.app; sourceTree = BUILT_PRODUCTS_DIR; };
		524644A8215C52C4003ACCEF /* AppDelegate.swift */ = {isa = PBXFileReference; lastKnownFileType = sourcecode.swift; path = AppDelegate.swift; sourceTree = "<group>"; };
		524644AA215C52C4003ACCEF /* ViewController.swift */ = {isa = PBXFileReference; lastKnownFileType = sourcecode.swift; path = ViewController.swift; sourceTree = "<group>"; };
		524644AD215C52C4003ACCEF /* Base */ = {isa = PBXFileReference; lastKnownFileType = file.storyboard; name = Base; path = Base.lproj/Main.storyboard; sourceTree = "<group>"; };
		524644AF215C52C5003ACCEF /* Assets.xcassets */ = {isa = PBXFileReference; lastKnownFileType = folder.assetcatalog; path = Assets.xcassets; sourceTree = "<group>"; };
		524644B2215C52C5003ACCEF /* Base */ = {isa = PBXFileReference; lastKnownFileType = file.storyboard; name = Base; path = Base.lproj/LaunchScreen.storyboard; sourceTree = "<group>"; };
		524644B4215C52C5003ACCEF /* Info.plist */ = {isa = PBXFileReference; lastKnownFileType = text.plist.xml; path = Info.plist; sourceTree = "<group>"; };
		524644B9215C52C5003ACCEF /* SelfieGramTests.xctest */ = {isa = PBXFileReference; explicitFileType = wrapper.cfbundle; includeInIndex = 0; path = SelfieGramTests.xctest; sourceTree = BUILT_PRODUCTS_DIR; };
		524644BD215C52C5003ACCEF /* SelfieGramTests.swift */ = {isa = PBXFileReference; lastKnownFileType = sourcecode.swift; path = SelfieGramTests.swift; sourceTree = "<group>"; };
		524644BF215C52C5003ACCEF /* Info.plist */ = {isa = PBXFileReference; lastKnownFileType = text.plist.xml; path = Info.plist; sourceTree = "<group>"; };
		524644C4215C52C5003ACCEF /* SelfieGramUITests.xctest */ = {isa = PBXFileReference; explicitFileType = wrapper.cfbundle; includeInIndex = 0; path = SelfieGramUITests.xctest; sourceTree = BUILT_PRODUCTS_DIR; };
		524644C8215C52C5003ACCEF /* SelfieGramUITests.swift */ = {isa = PBXFileReference; lastKnownFileType = sourcecode.swift; path = SelfieGramUITests.swift; sourceTree = "<group>"; };
		524644CA215C52C5003ACCEF /* Info.plist */ = {isa = PBXFileReference; lastKnownFileType = text.plist.xml; path = Info.plist; sourceTree = "<group>"; };
/* End PBXFileReference section */

/* Begin PBXFrameworksBuildPhase section */
		524644A2215C52C4003ACCEF /* Frameworks */ = {
			isa = PBXFrameworksBuildPhase;
			buildActionMask = 2147483647;
			files = (
			);
			runOnlyForDeploymentPostprocessing = 0;
		};
		524644B6215C52C5003ACCEF /* Frameworks */ = {
			isa = PBXFrameworksBuildPhase;
			buildActionMask = 2147483647;
			files = (
			);
			runOnlyForDeploymentPostprocessing = 0;
		};
		524644C1215C52C5003ACCEF /* Frameworks */ = {
			isa = PBXFrameworksBuildPhase;
			buildActionMask = 2147483647;
			files = (
			);
			runOnlyForDeploymentPostprocessing = 0;
		};
/* End PBXFrameworksBuildPhase section */

/* Begin PBXGroup section */
		5246449C215C52C4003ACCEF = {
			isa = PBXGroup;
			children = (
				524644A7215C52C4003ACCEF /* SelfieGram */,
				524644BC215C52C5003ACCEF /* SelfieGramTests */,
				524644C7215C52C5003ACCEF /* SelfieGramUITests */,
				524644A6215C52C4003ACCEF /* Products */,
			);
			sourceTree = "<group>";
		};
		524644A6215C52C4003ACCEF /* Products */ = {
			isa = PBXGroup;
			children = (
				524644A5215C52C4003ACCEF /* SelfieGram.app */,
				524644B9215C52C5003ACCEF /* SelfieGramTests.xctest */,
				524644C4215C52C5003ACCEF /* SelfieGramUITests.xctest */,
			);
			name = Products;
			sourceTree = "<group>";
		};
		524644A7215C52C4003ACCEF /* SelfieGram */ = {
			isa = PBXGroup;
			children = (
				524644A8215C52C4003ACCEF /* AppDelegate.swift */,
				524644AA215C52C4003ACCEF /* ViewController.swift */,
				524644AC215C52C4003ACCEF /* Main.storyboard */,
				524644AF215C52C5003ACCEF /* Assets.xcassets */,
				524644B1215C52C5003ACCEF /* LaunchScreen.storyboard */,
				524644B4215C52C5003ACCEF /* Info.plist */,
			);
			path = SelfieGram;
			sourceTree = "<group>";
		};
		524644BC215C52C5003ACCEF /* SelfieGramTests */ = {
			isa = PBXGroup;
			children = (
				524644BD215C52C5003ACCEF /* SelfieGramTests.swift */,
				524644BF215C52C5003ACCEF /* Info.plist */,
			);
			path = SelfieGramTests;
			sourceTree = "<group>";
		};
		524644C7215C52C5003ACCEF /* SelfieGramUITests */ = {
			isa = PBXGroup;
			children = (
				524644C8215C52C5003ACCEF /* SelfieGramUITests.swift */,
				524644CA215C52C5003ACCEF /* Info.plist */,
			);
			path = SelfieGramUITests;
			sourceTree = "<group>";
		};
/* End PBXGroup section */

/* Begin PBXNativeTarget section */
		524644A4215C52C4003ACCEF /* SelfieGram */ = {
			isa = PBXNativeTarget;
			buildConfigurationList = 524644CD215C52C5003ACCEF /* Build configuration list for PBXNativeTarget "SelfieGram" */;
			buildPhases = (
				524644A1215C52C4003ACCEF /* Sources */,
				524644A2215C52C4003ACCEF /* Frameworks */,
				524644A3215C52C4003ACCEF /* Resources */,
			);
			buildRules = (
			);
			dependencies = (
			);
			name = SelfieGram;
			productName = SelfieGram;
			productReference = 524644A5215C52C4003ACCEF /* SelfieGram.app */;
			productType = "com.apple.product-type.application";
		};
		524644B8215C52C5003ACCEF /* SelfieGramTests */ = {
			isa = PBXNativeTarget;
			buildConfigurationList = 524644D0215C52C5003ACCEF /* Build configuration list for PBXNativeTarget "SelfieGramTests" */;
			buildPhases = (
				524644B5215C52C5003ACCEF /* Sources */,
				524644B6215C52C5003ACCEF /* Frameworks */,
				524644B7215C52C5003ACCEF /* Resources */,
			);
			buildRules = (
			);
			dependencies = (
				524644BB215C52C5003ACCEF /* PBXTargetDependency */,
			);
			name = SelfieGramTests;
			productName = SelfieGramTests;
			productReference = 524644B9215C52C5003ACCEF /* SelfieGramTests.xctest */;
			productType = "com.apple.product-type.bundle.unit-test";
		};
		524644C3215C52C5003ACCEF /* SelfieGramUITests */ = {
			isa = PBXNativeTarget;
			buildConfigurationList = 524644D3215C52C5003ACCEF /* Build configuration list for PBXNativeTarget "SelfieGramUITests" */;
			buildPhases = (
				524644C0215C52C5003ACCEF /* Sources */,
				524644C1215C52C5003ACCEF /* Frameworks */,
				524644C2215C52C5003ACCEF /* Resources */,
			);
			buildRules = (
			);
			dependencies = (
				524644C6215C52C5003ACCEF /* PBXTargetDependency */,
			);
			name = SelfieGramUITests;
			productName = SelfieGramUITests;
			productReference = 524644C4215C52C5003ACCEF /* SelfieGramUITests.xctest */;
			productType = "com.apple.product-type.bundle.ui-testing";
		};
/* End PBXNativeTarget section */

/* Begin PBXProject section */
		5246449D215C52C4003ACCEF /* Project object */ = {
			isa = PBXProject;
			attributes = {
				LastSwiftUpdateCheck = 1000;
				LastUpgradeCheck = 1000;
				ORGANIZATIONNAME = "Ruta Wad";
				TargetAttributes = {
					524644A4215C52C4003ACCEF = {
						CreatedOnToolsVersion = 10.0;
					};
					524644B8215C52C5003ACCEF = {
						CreatedOnToolsVersion = 10.0;
						TestTargetID = 524644A4215C52C4003ACCEF;
					};
					524644C3215C52C5003ACCEF = {
						CreatedOnToolsVersion = 10.0;
						TestTargetID = 524644A4215C52C4003ACCEF;
					};
				};
			};
			buildConfigurationList = 524644A0215C52C4003ACCEF /* Build configuration list for PBXProject "SelfieGram" */;
			compatibilityVersion = "Xcode 9.3";
			developmentRegion = en;
			hasScannedForEncodings = 0;
			knownRegions = (
				en,
				Base,
			);
			mainGroup = 5246449C215C52C4003ACCEF;
			productRefGroup = 524644A6215C52C4003ACCEF /* Products */;
			projectDirPath = "";
			projectRoot = "";
			targets = (
				524644A4215C52C4003ACCEF /* SelfieGram */,
				524644B8215C52C5003ACCEF /* SelfieGramTests */,
				524644C3215C52C5003ACCEF /* SelfieGramUITests */,
			);
		};
/* End PBXProject section */

/* Begin PBXResourcesBuildPhase section */
		524644A3215C52C4003ACCEF /* Resources */ = {
			isa = PBXResourcesBuildPhase;
			buildActionMask = 2147483647;
			files = (
				524644B3215C52C5003ACCEF /* LaunchScreen.storyboard in Resources */,
				524644B0215C52C5003ACCEF /* Assets.xcassets in Resources */,
				524644AE215C52C4003ACCEF /* Main.storyboard in Resources */,
			);
			runOnlyForDeploymentPostprocessing = 0;
		};
		524644B7215C52C5003ACCEF /* Resources */ = {
			isa = PBXResourcesBuildPhase;
			buildActionMask = 2147483647;
			files = (
			);
			runOnlyForDeploymentPostprocessing = 0;
		};
		524644C2215C52C5003ACCEF /* Resources */ = {
			isa = PBXResourcesBuildPhase;
			buildActionMask = 2147483647;
			files = (
			);
			runOnlyForDeploymentPostprocessing = 0;
		};
/* End PBXResourcesBuildPhase section */

/* Begin PBXSourcesBuildPhase section */
		524644A1215C52C4003ACCEF /* Sources */ = {
			isa = PBXSourcesBuildPhase;
			buildActionMask = 2147483647;
			files = (
				524644AB215C52C4003ACCEF /* ViewController.swift in Sources */,
				524644A9215C52C4003ACCEF /* AppDelegate.swift in Sources */,
			);
			runOnlyForDeploymentPostprocessing = 0;
		};
		524644B5215C52C5003ACCEF /* Sources */ = {
			isa = PBXSourcesBuildPhase;
			buildActionMask = 2147483647;
			files = (
				524644BE215C52C5003ACCEF /* SelfieGramTests.swift in Sources */,
			);
			runOnlyForDeploymentPostprocessing = 0;
		};
		524644C0215C52C5003ACCEF /* Sources */ = {
			isa = PBXSourcesBuildPhase;
			buildActionMask = 2147483647;
			files = (
				524644C9215C52C5003ACCEF /* SelfieGramUITests.swift in Sources */,
			);
			runOnlyForDeploymentPostprocessing = 0;
		};
/* End PBXSourcesBuildPhase section */

/* Begin PBXTargetDependency section */
		524644BB215C52C5003ACCEF /* PBXTargetDependency */ = {
			isa = PBXTargetDependency;
			target = 524644A4215C52C4003ACCEF /* SelfieGram */;
			targetProxy = 524644BA215C52C5003ACCEF /* PBXContainerItemProxy */;
		};
		524644C6215C52C5003ACCEF /* PBXTargetDependency */ = {
			isa = PBXTargetDependency;
			target = 524644A4215C52C4003ACCEF /* SelfieGram */;
			targetProxy = 524644C5215C52C5003ACCEF /* PBXContainerItemProxy */;
		};
/* End PBXTargetDependency section */

/* Begin PBXVariantGroup section */
		524644AC215C52C4003ACCEF /* Main.storyboard */ = {
			isa = PBXVariantGroup;
			children = (
				524644AD215C52C4003ACCEF /* Base */,
			);
			name = Main.storyboard;
			sourceTree = "<group>";
		};
		524644B1215C52C5003ACCEF /* LaunchScreen.storyboard */ = {
			isa = PBXVariantGroup;
			children = (
				524644B2215C52C5003ACCEF /* Base */,
			);
			name = LaunchScreen.storyboard;
			sourceTree = "<group>";
		};
/* End PBXVariantGroup section */

/* Begin XCBuildConfiguration section */
		524644CB215C52C5003ACCEF /* Debug */ = {
			isa = XCBuildConfiguration;
			buildSettings = {
				ALWAYS_SEARCH_USER_PATHS = NO;
				CLANG_ANALYZER_NONNULL = YES;
				CLANG_ANALYZER_NUMBER_OBJECT_CONVERSION = YES_AGGRESSIVE;
				CLANG_CXX_LANGUAGE_STANDARD = "gnu++14";
				CLANG_CXX_LIBRARY = "libc++";
				CLANG_ENABLE_MODULES = YES;
				CLANG_ENABLE_OBJC_ARC = YES;
				CLANG_ENABLE_OBJC_WEAK = YES;
				CLANG_WARN_BLOCK_CAPTURE_AUTORELEASING = YES;
				CLANG_WARN_BOOL_CONVERSION = YES;
				CLANG_WARN_COMMA = YES;
				CLANG_WARN_CONSTANT_CONVERSION = YES;
				CLANG_WARN_DEPRECATED_OBJC_IMPLEMENTATIONS = YES;
				CLANG_WARN_DIRECT_OBJC_ISA_USAGE = YES_ERROR;
				CLANG_WARN_DOCUMENTATION_COMMENTS = YES;
				CLANG_WARN_EMPTY_BODY = YES;
				CLANG_WARN_ENUM_CONVERSION = YES;
				CLANG_WARN_INFINITE_RECURSION = YES;
				CLANG_WARN_INT_CONVERSION = YES;
				CLANG_WARN_NON_LITERAL_NULL_CONVERSION = YES;
				CLANG_WARN_OBJC_IMPLICIT_RETAIN_SELF = YES;
				CLANG_WARN_OBJC_LITERAL_CONVERSION = YES;
				CLANG_WARN_OBJC_ROOT_CLASS = YES_ERROR;
				CLANG_WARN_RANGE_LOOP_ANALYSIS = YES;
				CLANG_WARN_STRICT_PROTOTYPES = YES;
				CLANG_WARN_SUSPICIOUS_MOVE = YES;
				CLANG_WARN_UNGUARDED_AVAILABILITY = YES_AGGRESSIVE;
				CLANG_WARN_UNREACHABLE_CODE = YES;
				CLANG_WARN__DUPLICATE_METHOD_MATCH = YES;
				CODE_SIGN_IDENTITY = "iPhone Developer";
				COPY_PHASE_STRIP = NO;
				DEBUG_INFORMATION_FORMAT = dwarf;
				ENABLE_STRICT_OBJC_MSGSEND = YES;
				ENABLE_TESTABILITY = YES;
				GCC_C_LANGUAGE_STANDARD = gnu11;
				GCC_DYNAMIC_NO_PIC = NO;
				GCC_NO_COMMON_BLOCKS = YES;
				GCC_OPTIMIZATION_LEVEL = 0;
				GCC_PREPROCESSOR_DEFINITIONS = (
					"DEBUG=1",
					"$(inherited)",
				);
				GCC_WARN_64_TO_32_BIT_CONVERSION = YES;
				GCC_WARN_ABOUT_RETURN_TYPE = YES_ERROR;
				GCC_WARN_UNDECLARED_SELECTOR = YES;
				GCC_WARN_UNINITIALIZED_AUTOS = YES_AGGRESSIVE;
				GCC_WARN_UNUSED_FUNCTION = YES;
				GCC_WARN_UNUSED_VARIABLE = YES;
				IPHONEOS_DEPLOYMENT_TARGET = 12.0;
				MTL_ENABLE_DEBUG_INFO = INCLUDE_SOURCE;
				MTL_FAST_MATH = YES;
				ONLY_ACTIVE_ARCH = YES;
				SDKROOT = iphoneos;
				SWIFT_ACTIVE_COMPILATION_CONDITIONS = DEBUG;
				SWIFT_OPTIMIZATION_LEVEL = "-Onone";
			};
			name = Debug;
		};
		524644CC215C52C5003ACCEF /* Release */ = {
			isa = XCBuildConfiguration;
			buildSettings = {
				ALWAYS_SEARCH_USER_PATHS = NO;
				CLANG_ANALYZER_NONNULL = YES;
				CLANG_ANALYZER_NUMBER_OBJECT_CONVERSION = YES_AGGRESSIVE;
				CLANG_CXX_LANGUAGE_STANDARD = "gnu++14";
				CLANG_CXX_LIBRARY = "libc++";
				CLANG_ENABLE_MODULES = YES;
				CLANG_ENABLE_OBJC_ARC = YES;
				CLANG_ENABLE_OBJC_WEAK = YES;
				CLANG_WARN_BLOCK_CAPTURE_AUTORELEASING = YES;
				CLANG_WARN_BOOL_CONVERSION = YES;
				CLANG_WARN_COMMA = YES;
				CLANG_WARN_CONSTANT_CONVERSION = YES;
				CLANG_WARN_DEPRECATED_OBJC_IMPLEMENTATIONS = YES;
				CLANG_WARN_DIRECT_OBJC_ISA_USAGE = YES_ERROR;
				CLANG_WARN_DOCUMENTATION_COMMENTS = YES;
				CLANG_WARN_EMPTY_BODY = YES;
				CLANG_WARN_ENUM_CONVERSION = YES;
				CLANG_WARN_INFINITE_RECURSION = YES;
				CLANG_WARN_INT_CONVERSION = YES;
				CLANG_WARN_NON_LITERAL_NULL_CONVERSION = YES;
				CLANG_WARN_OBJC_IMPLICIT_RETAIN_SELF = YES;
				CLANG_WARN_OBJC_LITERAL_CONVERSION = YES;
				CLANG_WARN_OBJC_ROOT_CLASS = YES_ERROR;
				CLANG_WARN_RANGE_LOOP_ANALYSIS = YES;
				CLANG_WARN_STRICT_PROTOTYPES = YES;
				CLANG_WARN_SUSPICIOUS_MOVE = YES;
				CLANG_WARN_UNGUARDED_AVAILABILITY = YES_AGGRESSIVE;
				CLANG_WARN_UNREACHABLE_CODE = YES;
				CLANG_WARN__DUPLICATE_METHOD_MATCH = YES;
				CODE_SIGN_IDENTITY = "iPhone Developer";
				COPY_PHASE_STRIP = NO;
				DEBUG_INFORMATION_FORMAT = "dwarf-with-dsym";
				ENABLE_NS_ASSERTIONS = NO;
				ENABLE_STRICT_OBJC_MSGSEND = YES;
				GCC_C_LANGUAGE_STANDARD = gnu11;
				GCC_NO_COMMON_BLOCKS = YES;
				GCC_WARN_64_TO_32_BIT_CONVERSION = YES;
				GCC_WARN_ABOUT_RETURN_TYPE = YES_ERROR;
				GCC_WARN_UNDECLARED_SELECTOR = YES;
				GCC_WARN_UNINITIALIZED_AUTOS = YES_AGGRESSIVE;
				GCC_WARN_UNUSED_FUNCTION = YES;
				GCC_WARN_UNUSED_VARIABLE = YES;
				IPHONEOS_DEPLOYMENT_TARGET = 12.0;
				MTL_ENABLE_DEBUG_INFO = NO;
				MTL_FAST_MATH = YES;
				SDKROOT = iphoneos;
				SWIFT_COMPILATION_MODE = wholemodule;
				SWIFT_OPTIMIZATION_LEVEL = "-O";
				VALIDATE_PRODUCT = YES;
			};
			name = Release;
		};
		524644CE215C52C5003ACCEF /* Debug */ = {
			isa = XCBuildConfiguration;
			buildSettings = {
				ASSETCATALOG_COMPILER_APPICON_NAME = AppIcon;
				CODE_SIGN_STYLE = Automatic;
				INFOPLIST_FILE = SelfieGram/Info.plist;
				LD_RUNPATH_SEARCH_PATHS = (
					"$(inherited)",
					"@executable_path/Frameworks",
				);
				PRODUCT_BUNDLE_IDENTIFIER = RW.SelfieGram;
				PRODUCT_NAME = "$(TARGET_NAME)";
				SWIFT_VERSION = 4.2;
				TARGETED_DEVICE_FAMILY = "1,2";
			};
			name = Debug;
		};
		524644CF215C52C5003ACCEF /* Release */ = {
			isa = XCBuildConfiguration;
			buildSettings = {
				ASSETCATALOG_COMPILER_APPICON_NAME = AppIcon;
				CODE_SIGN_STYLE = Automatic;
				INFOPLIST_FILE = SelfieGram/Info.plist;
				LD_RUNPATH_SEARCH_PATHS = (
					"$(inherited)",
					"@executable_path/Frameworks",
				);
				PRODUCT_BUNDLE_IDENTIFIER = RW.SelfieGram;
				PRODUCT_NAME = "$(TARGET_NAME)";
				SWIFT_VERSION = 4.2;
				TARGETED_DEVICE_FAMILY = "1,2";
			};
			name = Release;
		};
		524644D1215C52C5003ACCEF /* Debug */ = {
			isa = XCBuildConfiguration;
			buildSettings = {
				ALWAYS_EMBED_SWIFT_STANDARD_LIBRARIES = YES;
				BUNDLE_LOADER = "$(TEST_HOST)";
				CODE_SIGN_STYLE = Automatic;
				INFOPLIST_FILE = SelfieGramTests/Info.plist;
				LD_RUNPATH_SEARCH_PATHS = (
					"$(inherited)",
					"@executable_path/Frameworks",
					"@loader_path/Frameworks",
				);
				PRODUCT_BUNDLE_IDENTIFIER = RW.SelfieGramTests;
				PRODUCT_NAME = "$(TARGET_NAME)";
				SWIFT_VERSION = 4.2;
				TARGETED_DEVICE_FAMILY = "1,2";
				TEST_HOST = "$(BUILT_PRODUCTS_DIR)/SelfieGram.app/SelfieGram";
			};
			name = Debug;
		};
		524644D2215C52C5003ACCEF /* Release */ = {
			isa = XCBuildConfiguration;
			buildSettings = {
				ALWAYS_EMBED_SWIFT_STANDARD_LIBRARIES = YES;
				BUNDLE_LOADER = "$(TEST_HOST)";
				CODE_SIGN_STYLE = Automatic;
				INFOPLIST_FILE = SelfieGramTests/Info.plist;
				LD_RUNPATH_SEARCH_PATHS = (
					"$(inherited)",
					"@executable_path/Frameworks",
					"@loader_path/Frameworks",
				);
				PRODUCT_BUNDLE_IDENTIFIER = RW.SelfieGramTests;
				PRODUCT_NAME = "$(TARGET_NAME)";
				SWIFT_VERSION = 4.2;
				TARGETED_DEVICE_FAMILY = "1,2";
				TEST_HOST = "$(BUILT_PRODUCTS_DIR)/SelfieGram.app/SelfieGram";
			};
			name = Release;
		};
		524644D4215C52C5003ACCEF /* Debug */ = {
			isa = XCBuildConfiguration;
			buildSettings = {
				ALWAYS_EMBED_SWIFT_STANDARD_LIBRARIES = YES;
				CODE_SIGN_STYLE = Automatic;
				INFOPLIST_FILE = SelfieGramUITests/Info.plist;
				LD_RUNPATH_SEARCH_PATHS = (
					"$(inherited)",
					"@executable_path/Frameworks",
					"@loader_path/Frameworks",
				);
				PRODUCT_BUNDLE_IDENTIFIER = RW.SelfieGramUITests;
				PRODUCT_NAME = "$(TARGET_NAME)";
				SWIFT_VERSION = 4.2;
				TARGETED_DEVICE_FAMILY = "1,2";
				TEST_TARGET_NAME = SelfieGram;
			};
			name = Debug;
		};
		524644D5215C52C5003ACCEF /* Release */ = {
			isa = XCBuildConfiguration;
			buildSettings = {
				ALWAYS_EMBED_SWIFT_STANDARD_LIBRARIES = YES;
				CODE_SIGN_STYLE = Automatic;
				INFOPLIST_FILE = SelfieGramUITests/Info.plist;
				LD_RUNPATH_SEARCH_PATHS = (
					"$(inherited)",
					"@executable_path/Frameworks",
					"@loader_path/Frameworks",
				);
				PRODUCT_BUNDLE_IDENTIFIER = RW.SelfieGramUITests;
				PRODUCT_NAME = "$(TARGET_NAME)";
				SWIFT_VERSION = 4.2;
				TARGETED_DEVICE_FAMILY = "1,2";
				TEST_TARGET_NAME = SelfieGram;
			};
			name = Release;
		};
/* End XCBuildConfiguration section */

/* Begin XCConfigurationList section */
		524644A0215C52C4003ACCEF /* Build configuration list for PBXProject "SelfieGram" */ = {
			isa = XCConfigurationList;
			buildConfigurations = (
				524644CB215C52C5003ACCEF /* Debug */,
				524644CC215C52C5003ACCEF /* Release */,
			);
			defaultConfigurationIsVisible = 0;
			defaultConfigurationName = Release;
		};
		524644CD215C52C5003ACCEF /* Build configuration list for PBXNativeTarget "SelfieGram" */ = {
			isa = XCConfigurationList;
			buildConfigurations = (
				524644CE215C52C5003ACCEF /* Debug */,
				524644CF215C52C5003ACCEF /* Release */,
			);
			defaultConfigurationIsVisible = 0;
			defaultConfigurationName = Release;
		};
		524644D0215C52C5003ACCEF /* Build configuration list for PBXNativeTarget "SelfieGramTests" */ = {
			isa = XCConfigurationList;
			buildConfigurations = (
				524644D1215C52C5003ACCEF /* Debug */,
				524644D2215C52C5003ACCEF /* Release */,
			);
			defaultConfigurationIsVisible = 0;
			defaultConfigurationName = Release;
		};
		524644D3215C52C5003ACCEF /* Build configuration list for PBXNativeTarget "SelfieGramUITests" */ = {
			isa = XCConfigurationList;
			buildConfigurations = (
				524644D4215C52C5003ACCEF /* Debug */,
				524644D5215C52C5003ACCEF /* Release */,
			);
			defaultConfigurationIsVisible = 0;
			defaultConfigurationName = Release;
		};
/* End XCConfigurationList section */
	};
	rootObject = 5246449D215C52C4003ACCEF /* Project object */;
}
